
Microsoft Visual Studio Solution File, Format Version 12.00
# Visual Studio Version 17
VisualStudioVersion = 17.5.33502.453
MinimumVisualStudioVersion = 10.0.40219.1
Project("{FAE04EC0-301F-11D3-BF4B-00C04F79EFBC}") = "Laba 9 OAIP NEW", "Laba 9 OAIP NEW\Laba 9 OAIP NEW.csproj", "{B4B63241-217F-433D-AAC9-9B7478B77B4B}"
EndProject
Global
	GlobalSection(SolutionConfigurationPlatforms) = preSolution
		Debug|Any CPU = Debug|Any CPU
		Release|Any CPU = Release|Any CPU
	EndGlobalSection
	GlobalSection(ProjectConfigurationPlatforms) = postSolution
		{B4B63241-217F-433D-AAC9-9B7478B77B4B}.Debug|Any CPU.ActiveCfg = Debug|Any CPU
		{B4B63241-217F-433D-AAC9-9B7478B77B4B}.Debug|Any CPU.Build.0 = Debug|Any CPU
		{B4B63241-217F-433D-AAC9-9B7478B77B4B}.Release|Any CPU.ActiveCfg = Release|Any CPU
		{B4B63241-217F-433D-AAC9-9B7478B77B4B}.Release|Any CPU.Build.0 = Release|Any CPU
	EndGlobalSection
	GlobalSection(SolutionProperties) = preSolution
		HideSolutionNode = FALSE
	EndGlobalSection
	GlobalSection(ExtensibilityGlobals) = postSolution
		SolutionGuid = {59E95A44-EB7A-4211-822D-86BD3F2FE7FC}
	EndGlobalSection
EndGlobal
